
Microsoft Visual Studio Solution File, Format Version 12.00
# Visual Studio 2012
Project("{8BC9CEB8-8B4A-11D0-8D11-00A0C91BC942}") = "opengl4", "opengl4.vcxproj", "{14DFF882-86B5-445E-A064-F0FFCDE803D0}"
EndProject
Global
	GlobalSection(SolutionConfigurationPlatforms) = preSolution
		Debug|Win32 = Debug|Win32
		Release|Win32 = Release|Win32
	EndGlobalSection
	GlobalSection(ProjectConfigurationPlatforms) = postSolution
		{14DFF882-86B5-445E-A064-F0FFCDE803D0}.Debug|Win32.ActiveCfg = Debug|Win32
		{14DFF882-86B5-445E-A064-F0FFCDE803D0}.Debug|Win32.Build.0 = Debug|Win32
		{14DFF882-86B5-445E-A064-F0FFCDE803D0}.Release|Win32.ActiveCfg = Release|Win32
		{14DFF882-86B5-445E-A064-F0FFCDE803D0}.Release|Win32.Build.0 = Release|Win32
	EndGlobalSection
	GlobalSection(SolutionProperties) = preSolution
		HideSolutionNode = FALSE
	EndGlobalSection
EndGlobal
